
Microsoft Visual Studio Solution File, Format Version 12.00
# Visual Studio Version 16
VisualStudioVersion = 16.0.29006.145
MinimumVisualStudioVersion = 10.0.40219.1
Project("{9A19103F-16F7-4668-BE54-9A1E7A4F7556}") = "SpaceAge", "SpaceAge.csproj", "{E9A7E729-2CAA-4A71-8EAA-6EDC7493AB55}"
EndProject
Global
	GlobalSection(SolutionConfigurationPlatforms) = preSolution
		Debug|Any CPU = Debug|Any CPU
		Release|Any CPU = Release|Any CPU
	EndGlobalSection
	GlobalSection(ProjectConfigurationPlatforms) = postSolution
		{E9A7E729-2CAA-4A71-8EAA-6EDC7493AB55}.Debug|Any CPU.ActiveCfg = Debug|Any CPU
		{E9A7E729-2CAA-4A71-8EAA-6EDC7493AB55}.Debug|Any CPU.Build.0 = Debug|Any CPU
		{E9A7E729-2CAA-4A71-8EAA-6EDC7493AB55}.Release|Any CPU.ActiveCfg = Release|Any CPU
		{E9A7E729-2CAA-4A71-8EAA-6EDC7493AB55}.Release|Any CPU.Build.0 = Release|Any CPU
	EndGlobalSection
	GlobalSection(SolutionProperties) = preSolution
		HideSolutionNode = FALSE
	EndGlobalSection
	GlobalSection(ExtensibilityGlobals) = postSolution
		SolutionGuid = {EB44DEEA-13BA-4EE2-91B2-5BD94F76D60E}
	EndGlobalSection
EndGlobal
